
Microsoft Visual Studio Solution File, Format Version 12.00
# Visual Studio Version 16
VisualStudioVersion = 16.0.31424.327
MinimumVisualStudioVersion = 10.0.40219.1
Project("{FAE04EC0-301F-11D3-BF4B-00C04F79EFBC}") = "Gaming.Libs.Core", "Gaming.Libs.Core\Gaming.Libs.Core.csproj", "{219A4CA8-E1FC-48B3-A9B5-DD4CECE0B272}"
EndProject
Project("{FAE04EC0-301F-11D3-BF4B-00C04F79EFBC}") = "Gaming.Libs.RockPaperScissors", "Gaming.Libs.RockPaperScissors\Gaming.Libs.RockPaperScissors.csproj", "{1A63B58A-BB15-4F85-BBDA-41CD73430CE6}"
EndProject
Global
	GlobalSection(SolutionConfigurationPlatforms) = preSolution
		Debug|Any CPU = Debug|Any CPU
		Release|Any CPU = Release|Any CPU
	EndGlobalSection
	GlobalSection(ProjectConfigurationPlatforms) = postSolution
		{219A4CA8-E1FC-48B3-A9B5-DD4CECE0B272}.Debug|Any CPU.ActiveCfg = Debug|Any CPU
		{219A4CA8-E1FC-48B3-A9B5-DD4CECE0B272}.Debug|Any CPU.Build.0 = Debug|Any CPU
		{219A4CA8-E1FC-48B3-A9B5-DD4CECE0B272}.Release|Any CPU.ActiveCfg = Release|Any CPU
		{219A4CA8-E1FC-48B3-A9B5-DD4CECE0B272}.Release|Any CPU.Build.0 = Release|Any CPU
		{1A63B58A-BB15-4F85-BBDA-41CD73430CE6}.Debug|Any CPU.ActiveCfg = Debug|Any CPU
		{1A63B58A-BB15-4F85-BBDA-41CD73430CE6}.Debug|Any CPU.Build.0 = Debug|Any CPU
		{1A63B58A-BB15-4F85-BBDA-41CD73430CE6}.Release|Any CPU.ActiveCfg = Release|Any CPU
		{1A63B58A-BB15-4F85-BBDA-41CD73430CE6}.Release|Any CPU.Build.0 = Release|Any CPU
	EndGlobalSection
	GlobalSection(SolutionProperties) = preSolution
		HideSolutionNode = FALSE
	EndGlobalSection
	GlobalSection(ExtensibilityGlobals) = postSolution
		SolutionGuid = {21DA26AA-6855-46E4-A24B-09A6D7A9CC4B}
	EndGlobalSection
EndGlobal
